{
  "version": 4,
  "terraform_version": "1.0.9",
  "serial": 33,
  "lineage": "acfd9bf5-f229-cbc4-bacf-0159e4d5835e",
  "outputs": {
    "application_id": {
      "value": "d05c69e9-f58f-403a-8f62-bd96dd8a90e6",
      "type": "string"
    },
    "password": {
      "value": "5QtDCHS\u0026GaXBhh}8EJx_3F3QaG-_(iXP",
      "type": "string",
      "sensitive": true
    }
  },
  "resources": [
    {
      "mode": "data",
      "type": "azurerm_kubernetes_service_versions",
      "name": "aks-version",
      "provider": "provider[\"registry.terraform.io/hashicorp/azurerm\"]",
      "instances": [
        {
          "schema_version": 0,
          "attributes": {
            "id": "/subscriptions/f49e46ad-95f7-4743-8ccb-76595e6ed6b1/providers/Microsoft.ContainerService/locations/brazilsouth/orchestrators",
            "include_preview": false,
            "latest_version": "1.21.2",
            "location": "brazilsouth",
            "timeouts": null,
            "version_prefix": null,
            "versions": [
              "1.19.11",
              "1.19.13",
              "1.20.7",
              "1.20.9",
              "1.21.1",
              "1.21.2"
            ]
          },
          "sensitive_attributes": []
        }
      ]
    },
    {
      "mode": "managed",
      "type": "azurerm_resource_group",
      "name": "k8s",
      "provider": "provider[\"registry.terraform.io/hashicorp/azurerm\"]",
      "instances": [
        {
          "schema_version": 0,
          "attributes": {
            "id": "/subscriptions/f49e46ad-95f7-4743-8ccb-76595e6ed6b1/resourceGroups/aksplayground-tf-group",
            "location": "brazilsouth",
            "name": "aksplayground-tf-group",
            "tags": {
              "name": "k8sgroup-aksplayground5",
              "provisoned": "terraform"
            },
            "timeouts": null
          },
          "sensitive_attributes": [],
          "private": "eyJlMmJmYjczMC1lY2FhLTExZTYtOGY4OC0zNDM2M2JjN2M0YzAiOnsiY3JlYXRlIjo1NDAwMDAwMDAwMDAwLCJkZWxldGUiOjU0MDAwMDAwMDAwMDAsInJlYWQiOjMwMDAwMDAwMDAwMCwidXBkYXRlIjo1NDAwMDAwMDAwMDAwfX0="
        }
      ]
    },
    {
      "module": "module.serviceprincipal",
      "mode": "managed",
      "type": "azuread_application",
      "name": "aksadapp",
      "provider": "provider[\"registry.terraform.io/hashicorp/azuread\"]",
      "instances": [
        {
          "schema_version": 0,
          "attributes": {
            "api": [
              {
                "oauth2_permission_scope": [
                  {
                    "admin_consent_description": "Allow the application to access aksplayground5_sp_tfcreated on behalf of the signed-in user.",
                    "admin_consent_display_name": "Access aksplayground5_sp_tfcreated",
                    "enabled": true,
                    "id": "4e01e1ed-5ef9-48d2-ae8a-e033e21cbc6f",
                    "type": "User",
                    "user_consent_description": "Allow the application to access aksplayground5_sp_tfcreated on your behalf.",
                    "user_consent_display_name": "Access aksplayground5_sp_tfcreated",
                    "value": "user_impersonation"
                  }
                ]
              }
            ],
            "app_role": [],
            "application_id": "d05c69e9-f58f-403a-8f62-bd96dd8a90e6",
            "available_to_other_tenants": false,
            "display_name": "aksplayground5_sp_tfcreated",
            "fallback_public_client_enabled": false,
            "group_membership_claims": "",
            "homepage": "https://aksplayground5_sp_tfcreated",
            "id": "d5ed43e8-6090-4030-acad-b70af4e20b4d",
            "identifier_uris": [],
            "logout_url": "",
            "name": "aksplayground5_sp_tfcreated",
            "oauth2_allow_implicit_flow": false,
            "oauth2_permissions": [
              {
                "admin_consent_description": "Allow the application to access aksplayground5_sp_tfcreated on behalf of the signed-in user.",
                "admin_consent_display_name": "Access aksplayground5_sp_tfcreated",
                "id": "4e01e1ed-5ef9-48d2-ae8a-e033e21cbc6f",
                "is_enabled": true,
                "type": "User",
                "user_consent_description": "Allow the application to access aksplayground5_sp_tfcreated on your behalf.",
                "user_consent_display_name": "Access aksplayground5_sp_tfcreated",
                "value": "user_impersonation"
              }
            ],
            "object_id": "d5ed43e8-6090-4030-acad-b70af4e20b4d",
            "optional_claims": [],
            "owners": [],
            "prevent_duplicate_names": false,
            "public_client": false,
            "reply_urls": [],
            "required_resource_access": [],
            "sign_in_audience": "AzureADMyOrg",
            "timeouts": null,
            "type": "webapp/api",
            "web": [
              {
                "homepage_url": "https://aksplayground5_sp_tfcreated",
                "implicit_grant": [
                  {
                    "access_token_issuance_enabled": false
                  }
                ],
                "logout_url": "",
                "redirect_uris": []
              }
            ]
          },
          "sensitive_attributes": [],
          "private": "eyJlMmJmYjczMC1lY2FhLTExZTYtOGY4OC0zNDM2M2JjN2M0YzAiOnsiY3JlYXRlIjozMDAwMDAwMDAwMDAsImRlbGV0ZSI6MzAwMDAwMDAwMDAwLCJyZWFkIjozMDAwMDAwMDAwMDAsInVwZGF0ZSI6MzAwMDAwMDAwMDAwfX0="
        }
      ]
    },
    {
      "module": "module.serviceprincipal",
      "mode": "managed",
      "type": "azuread_service_principal",
      "name": "aksadsp",
      "provider": "provider[\"registry.terraform.io/hashicorp/azuread\"]",
      "instances": [
        {
          "schema_version": 0,
          "attributes": {
            "app_role_assignment_required": false,
            "app_roles": [],
            "application_id": "d05c69e9-f58f-403a-8f62-bd96dd8a90e6",
            "display_name": "aksplayground5_sp_tfcreated",
            "id": "84923ddc-3c6b-4eec-b8d5-6c21328c1847",
            "oauth2_permission_scopes": [
              {
                "admin_consent_description": "Allow the application to access aksplayground5_sp_tfcreated on behalf of the signed-in user.",
                "admin_consent_display_name": "Access aksplayground5_sp_tfcreated",
                "enabled": true,
                "id": "4e01e1ed-5ef9-48d2-ae8a-e033e21cbc6f",
                "type": "User",
                "user_consent_description": "Allow the application to access aksplayground5_sp_tfcreated on your behalf.",
                "user_consent_display_name": "Access aksplayground5_sp_tfcreated",
                "value": "user_impersonation"
              }
            ],
            "oauth2_permissions": [
              {
                "admin_consent_description": "Allow the application to access aksplayground5_sp_tfcreated on behalf of the signed-in user.",
                "admin_consent_display_name": "Access aksplayground5_sp_tfcreated",
                "id": "4e01e1ed-5ef9-48d2-ae8a-e033e21cbc6f",
                "is_enabled": true,
                "type": "User",
                "user_consent_description": "Allow the application to access aksplayground5_sp_tfcreated on your behalf.",
                "user_consent_display_name": "Access aksplayground5_sp_tfcreated",
                "value": "user_impersonation"
              }
            ],
            "object_id": "84923ddc-3c6b-4eec-b8d5-6c21328c1847",
            "tags": [
              "aksplayground5_sp_tfcreated",
              "terraform"
            ]
          },
          "sensitive_attributes": [],
          "private": "bnVsbA==",
          "dependencies": [
            "module.serviceprincipal.azuread_application.aksadapp"
          ]
        }
      ]
    },
    {
      "module": "module.serviceprincipal",
      "mode": "managed",
      "type": "azuread_service_principal_password",
      "name": "akssppass",
      "provider": "provider[\"registry.terraform.io/hashicorp/azuread\"]",
      "instances": [
        {
          "schema_version": 1,
          "attributes": {
            "description": "",
            "display_name": "",
            "end_date": "2021-12-31T23:59:59Z",
            "end_date_relative": null,
            "id": "84923ddc-3c6b-4eec-b8d5-6c21328c1847/password/b75bf49c-d0fa-4887-8b87-97b9ff55c814",
            "key_id": "b75bf49c-d0fa-4887-8b87-97b9ff55c814",
            "service_principal_id": "84923ddc-3c6b-4eec-b8d5-6c21328c1847",
            "start_date": "2021-11-20T19:27:40Z",
            "value": "5QtDCHS\u0026GaXBhh}8EJx_3F3QaG-_(iXP"
          },
          "sensitive_attributes": [],
          "private": "eyJzY2hlbWFfdmVyc2lvbiI6IjEifQ==",
          "dependencies": [
            "module.serviceprincipal.azuread_service_principal.aksadsp",
            "module.serviceprincipal.random_string.password"
          ]
        }
      ]
    },
    {
      "module": "module.serviceprincipal",
      "mode": "managed",
      "type": "random_string",
      "name": "password",
      "provider": "provider[\"registry.terraform.io/hashicorp/random\"]",
      "instances": [
        {
          "schema_version": 1,
          "attributes": {
            "id": "5QtDCHS\u0026GaXBhh}8EJx_3F3QaG-_(iXP",
            "keepers": null,
            "length": 32,
            "lower": true,
            "min_lower": 0,
            "min_numeric": 0,
            "min_special": 0,
            "min_upper": 0,
            "number": true,
            "override_special": null,
            "result": "5QtDCHS\u0026GaXBhh}8EJx_3F3QaG-_(iXP",
            "special": true,
            "upper": true
          },
          "sensitive_attributes": [],
          "private": "eyJzY2hlbWFfdmVyc2lvbiI6IjEifQ=="
        }
      ]
    }
  ]
}
